# THIS IS AN AUTOGENERATED FILE. DO NOT EDIT THIS FILE DIRECTLY.
# yarn lockfile v1


vuex-composition-helpers@^1.0.23:
  version "1.0.23"
  resolved "https://registry.yarnpkg.com/vuex-composition-helpers/-/vuex-composition-helpers-1.0.23.tgz#8e1df37f8175e59cc3474bf1e77d62b6490a724a"
  integrity sha512-TZZ46Jj9Shq5mOgrQVn59fmVI1bOqEaidQjbw8qkmLRxjyJdQ6j9MxYg0Xo5QgS3dEdKNFJLHRgtCpkf57Gnjw==
